
Microsoft Visual Studio Solution File, Format Version 12.00
# Visual Studio Version 16
VisualStudioVersion = 16.0.31410.357
MinimumVisualStudioVersion = 10.0.40219.1
Project("{FAE04EC0-301F-11D3-BF4B-00C04F79EFBC}") = "Module_3", "Module_3\Module_3.csproj", "{62484675-52EB-46CD-83FC-FB7B8A52B86E}"
EndProject
Project("{FAE04EC0-301F-11D3-BF4B-00C04F79EFBC}") = "Module_3_Lib_Tests", "Module_3_Lib_Tests\Module_3_Lib_Tests.csproj", "{91A301B8-1285-4486-AABE-AE4DAD4FAE52}"
EndProject
Project("{FAE04EC0-301F-11D3-BF4B-00C04F79EFBC}") = "Module_3_Lib", "Module_3_Lib\Module_3_Lib.csproj", "{59E7B9B3-8DBB-43B0-B0E4-4ADE507DE29A}"
EndProject
Global
	GlobalSection(SolutionConfigurationPlatforms) = preSolution
		Debug|Any CPU = Debug|Any CPU
		Release|Any CPU = Release|Any CPU
	EndGlobalSection
	GlobalSection(ProjectConfigurationPlatforms) = postSolution
		{62484675-52EB-46CD-83FC-FB7B8A52B86E}.Debug|Any CPU.ActiveCfg = Debug|Any CPU
		{62484675-52EB-46CD-83FC-FB7B8A52B86E}.Debug|Any CPU.Build.0 = Debug|Any CPU
		{62484675-52EB-46CD-83FC-FB7B8A52B86E}.Release|Any CPU.ActiveCfg = Release|Any CPU
		{62484675-52EB-46CD-83FC-FB7B8A52B86E}.Release|Any CPU.Build.0 = Release|Any CPU
		{91A301B8-1285-4486-AABE-AE4DAD4FAE52}.Debug|Any CPU.ActiveCfg = Debug|Any CPU
		{91A301B8-1285-4486-AABE-AE4DAD4FAE52}.Debug|Any CPU.Build.0 = Debug|Any CPU
		{91A301B8-1285-4486-AABE-AE4DAD4FAE52}.Release|Any CPU.ActiveCfg = Release|Any CPU
		{91A301B8-1285-4486-AABE-AE4DAD4FAE52}.Release|Any CPU.Build.0 = Release|Any CPU
		{59E7B9B3-8DBB-43B0-B0E4-4ADE507DE29A}.Debug|Any CPU.ActiveCfg = Debug|Any CPU
		{59E7B9B3-8DBB-43B0-B0E4-4ADE507DE29A}.Debug|Any CPU.Build.0 = Debug|Any CPU
		{59E7B9B3-8DBB-43B0-B0E4-4ADE507DE29A}.Release|Any CPU.ActiveCfg = Release|Any CPU
		{59E7B9B3-8DBB-43B0-B0E4-4ADE507DE29A}.Release|Any CPU.Build.0 = Release|Any CPU
	EndGlobalSection
	GlobalSection(SolutionProperties) = preSolution
		HideSolutionNode = FALSE
	EndGlobalSection
	GlobalSection(ExtensibilityGlobals) = postSolution
		SolutionGuid = {44FBD468-7FBD-4FD0-AA39-187381DD5B9F}
	EndGlobalSection
EndGlobal
