
Microsoft Visual Studio Solution File, Format Version 12.00
# Visual Studio Version 16
VisualStudioVersion = 16.0.31410.357
MinimumVisualStudioVersion = 10.0.40219.1
Project("{9A19103F-16F7-4668-BE54-9A1E7A4F7556}") = "Module_10", "Module_10\Module_10.csproj", "{7BB465F4-DEE4-4BE1-B4FB-883EFFE959D5}"
EndProject
Project("{9A19103F-16F7-4668-BE54-9A1E7A4F7556}") = "MyStackLib", "MyStackLib\MyStackLib.csproj", "{47999CD2-9C1D-43E7-9062-A4CAE81C59EC}"
EndProject
Project("{9A19103F-16F7-4668-BE54-9A1E7A4F7556}") = "MyQueueLib", "MyQueueLib\MyQueueLib.csproj", "{9CE86129-29F3-4CAC-962A-279365E43112}"
EndProject
Project("{FAE04EC0-301F-11D3-BF4B-00C04F79EFBC}") = "MyListLib", "MyListLib\MyListLib.csproj", "{09FFA465-BF1E-4B9F-B94D-CA6C0492F53F}"
EndProject
Project("{FAE04EC0-301F-11D3-BF4B-00C04F79EFBC}") = "MyCollectionLibTests", "MyCollectionLibTests\MyCollectionLibTests.csproj", "{7D1019BC-3B07-4ED7-A3C8-45350A75B11B}"
EndProject
Global
	GlobalSection(SolutionConfigurationPlatforms) = preSolution
		Debug|Any CPU = Debug|Any CPU
		Release|Any CPU = Release|Any CPU
	EndGlobalSection
	GlobalSection(ProjectConfigurationPlatforms) = postSolution
		{7BB465F4-DEE4-4BE1-B4FB-883EFFE959D5}.Debug|Any CPU.ActiveCfg = Debug|Any CPU
		{7BB465F4-DEE4-4BE1-B4FB-883EFFE959D5}.Debug|Any CPU.Build.0 = Debug|Any CPU
		{7BB465F4-DEE4-4BE1-B4FB-883EFFE959D5}.Release|Any CPU.ActiveCfg = Release|Any CPU
		{7BB465F4-DEE4-4BE1-B4FB-883EFFE959D5}.Release|Any CPU.Build.0 = Release|Any CPU
		{47999CD2-9C1D-43E7-9062-A4CAE81C59EC}.Debug|Any CPU.ActiveCfg = Debug|Any CPU
		{47999CD2-9C1D-43E7-9062-A4CAE81C59EC}.Debug|Any CPU.Build.0 = Debug|Any CPU
		{47999CD2-9C1D-43E7-9062-A4CAE81C59EC}.Release|Any CPU.ActiveCfg = Release|Any CPU
		{47999CD2-9C1D-43E7-9062-A4CAE81C59EC}.Release|Any CPU.Build.0 = Release|Any CPU
		{9CE86129-29F3-4CAC-962A-279365E43112}.Debug|Any CPU.ActiveCfg = Debug|Any CPU
		{9CE86129-29F3-4CAC-962A-279365E43112}.Debug|Any CPU.Build.0 = Debug|Any CPU
		{9CE86129-29F3-4CAC-962A-279365E43112}.Release|Any CPU.ActiveCfg = Release|Any CPU
		{9CE86129-29F3-4CAC-962A-279365E43112}.Release|Any CPU.Build.0 = Release|Any CPU
		{09FFA465-BF1E-4B9F-B94D-CA6C0492F53F}.Debug|Any CPU.ActiveCfg = Debug|Any CPU
		{09FFA465-BF1E-4B9F-B94D-CA6C0492F53F}.Debug|Any CPU.Build.0 = Debug|Any CPU
		{09FFA465-BF1E-4B9F-B94D-CA6C0492F53F}.Release|Any CPU.ActiveCfg = Release|Any CPU
		{09FFA465-BF1E-4B9F-B94D-CA6C0492F53F}.Release|Any CPU.Build.0 = Release|Any CPU
		{7D1019BC-3B07-4ED7-A3C8-45350A75B11B}.Debug|Any CPU.ActiveCfg = Debug|Any CPU
		{7D1019BC-3B07-4ED7-A3C8-45350A75B11B}.Debug|Any CPU.Build.0 = Debug|Any CPU
		{7D1019BC-3B07-4ED7-A3C8-45350A75B11B}.Release|Any CPU.ActiveCfg = Release|Any CPU
		{7D1019BC-3B07-4ED7-A3C8-45350A75B11B}.Release|Any CPU.Build.0 = Release|Any CPU
	EndGlobalSection
	GlobalSection(SolutionProperties) = preSolution
		HideSolutionNode = FALSE
	EndGlobalSection
	GlobalSection(ExtensibilityGlobals) = postSolution
		SolutionGuid = {1FB45C4E-A7D8-4880-9AB5-4408A8381E7E}
	EndGlobalSection
EndGlobal
